dependencies:
- name: common
  repository: https://charts.bitnami.com/bitnami
  version: 0.10.0
- name: mariadb
  repository: https://charts.bitnami.com/bitnami
  version: 9.3.11
digest: sha256:bb4bac83296f69059ab8f05ddc342d4b5c214fd97d01c70a25d41df79a0acbbf
generated: "2021-05-16T21:22:29.949873339+02:00"
